{
  "originHash" : "39fa93041c54fda8c4019d5afbc5108d374419b37136ebd9f331fa91700358d0",
  "pins" : [
    {
      "identity" : "coreflow-c7t",
      "kind" : "remoteSourceControl",
      "location" : "https://github.com/choijunyeong-company/CoreFlow-C7T.git",
      "state" : {
        "revision" : "7e2961176c59c89f87f5ecf9daec458f822bc56a",
        "version" : "0.0.0"
      }
    },
    {
      "identity" : "swinject",
      "kind" : "remoteSourceControl",
      "location" : "https://github.com/Swinject/Swinject.git",
      "state" : {
        "revision" : "b685b549fe4d8ae265fc7a2f27d0789720425d69",
        "version" : "2.10.0"
      }
    }
  ],
  "version" : 3
}
