{
  "originHash" : "b328d6d712f132330c53d314b35aebed633be43a8c17ef742ab015ab040b1c1c",
  "pins" : [
    {
      "identity" : "coreflow-c7t",
      "kind" : "remoteSourceControl",
      "location" : "https://github.com/choijunyeong-company/CoreFlow-C7T.git",
      "state" : {
        "revision" : "276b6f3cbb5fc96b8a1521dc45769b45486fadb1",
        "version" : "0.0.3"
      }
    },
    {
      "identity" : "swinject",
      "kind" : "remoteSourceControl",
      "location" : "https://github.com/Swinject/Swinject.git",
      "state" : {
        "revision" : "b685b549fe4d8ae265fc7a2f27d0789720425d69",
        "version" : "2.10.0"
      }
    }
  ],
  "version" : 3
}
